
Microsoft Visual Studio Solution File, Format Version 12.00
# Visual Studio 15
VisualStudioVersion = 15.0.27130.2024
MinimumVisualStudioVersion = 10.0.40219.1
Project("{FAE04EC0-301F-11D3-BF4B-00C04F79EFBC}") = "Projeto.ImplementandoOAuthJwt.Domain", "Projeto.ImplementandoOAuthJwt.Domain\Projeto.ImplementandoOAuthJwt.Domain.csproj", "{19CA5272-BDC2-42D8-8692-E3E3D80C2935}"
EndProject
Project("{FAE04EC0-301F-11D3-BF4B-00C04F79EFBC}") = "Projeto.ImplementandoOAuthJwt.Infra.Data", "Projeto.ImplementandoOAuthJwt.Infra.Data\Projeto.ImplementandoOAuthJwt.Infra.Data.csproj", "{22E597A5-52CD-40E8-9597-00930BEC519C}"
EndProject
Project("{FAE04EC0-301F-11D3-BF4B-00C04F79EFBC}") = "Projeto.ImplementandoOAuthJwt", "Projeto.ImplementandoOAuthJwt\Projeto.ImplementandoOAuthJwt.csproj", "{8F791750-8AEC-4CD4-A056-DE065AE9011E}"
EndProject
Global
	GlobalSection(SolutionConfigurationPlatforms) = preSolution
		Debug|Any CPU = Debug|Any CPU
		Release|Any CPU = Release|Any CPU
	EndGlobalSection
	GlobalSection(ProjectConfigurationPlatforms) = postSolution
		{19CA5272-BDC2-42D8-8692-E3E3D80C2935}.Debug|Any CPU.ActiveCfg = Debug|Any CPU
		{19CA5272-BDC2-42D8-8692-E3E3D80C2935}.Debug|Any CPU.Build.0 = Debug|Any CPU
		{19CA5272-BDC2-42D8-8692-E3E3D80C2935}.Release|Any CPU.ActiveCfg = Release|Any CPU
		{19CA5272-BDC2-42D8-8692-E3E3D80C2935}.Release|Any CPU.Build.0 = Release|Any CPU
		{22E597A5-52CD-40E8-9597-00930BEC519C}.Debug|Any CPU.ActiveCfg = Debug|Any CPU
		{22E597A5-52CD-40E8-9597-00930BEC519C}.Debug|Any CPU.Build.0 = Debug|Any CPU
		{22E597A5-52CD-40E8-9597-00930BEC519C}.Release|Any CPU.ActiveCfg = Release|Any CPU
		{22E597A5-52CD-40E8-9597-00930BEC519C}.Release|Any CPU.Build.0 = Release|Any CPU
		{8F791750-8AEC-4CD4-A056-DE065AE9011E}.Debug|Any CPU.ActiveCfg = Debug|Any CPU
		{8F791750-8AEC-4CD4-A056-DE065AE9011E}.Debug|Any CPU.Build.0 = Debug|Any CPU
		{8F791750-8AEC-4CD4-A056-DE065AE9011E}.Release|Any CPU.ActiveCfg = Release|Any CPU
		{8F791750-8AEC-4CD4-A056-DE065AE9011E}.Release|Any CPU.Build.0 = Release|Any CPU
	EndGlobalSection
	GlobalSection(SolutionProperties) = preSolution
		HideSolutionNode = FALSE
	EndGlobalSection
	GlobalSection(ExtensibilityGlobals) = postSolution
		SolutionGuid = {0FDE7193-AD34-4392-8C2A-7ABB2D2BA697}
	EndGlobalSection
EndGlobal
